
Microsoft Visual Studio Solution File, Format Version 12.00
# Visual Studio 2017
Project("{FAE04EC0-301F-11D3-BF4B-00C04F79EFBC}") = "SpaceShooterOnealN", "SpaceShooterOnealN.csproj", "{EDE58DB2-5CBF-7BFC-7DEB-792FA0F28181}"
EndProject
Project("{FAE04EC0-301F-11D3-BF4B-00C04F79EFBC}") = "SpaceShooterOnealN.Editor", "SpaceShooterOnealN.Editor.csproj", "{4884957B-6BC1-3577-7DB1-8D1682082785}"
EndProject
Global
	GlobalSection(SolutionConfigurationPlatforms) = preSolution
		Debug|Any CPU = Debug|Any CPU
		Release|Any CPU = Release|Any CPU
	EndGlobalSection
	GlobalSection(ProjectConfigurationPlatforms) = postSolution
		{EDE58DB2-5CBF-7BFC-7DEB-792FA0F28181}.Debug|Any CPU.ActiveCfg = Debug|Any CPU
		{EDE58DB2-5CBF-7BFC-7DEB-792FA0F28181}.Debug|Any CPU.Build.0 = Debug|Any CPU
		{EDE58DB2-5CBF-7BFC-7DEB-792FA0F28181}.Release|Any CPU.ActiveCfg = Release|Any CPU
		{EDE58DB2-5CBF-7BFC-7DEB-792FA0F28181}.Release|Any CPU.Build.0 = Release|Any CPU
		{4884957B-6BC1-3577-7DB1-8D1682082785}.Debug|Any CPU.ActiveCfg = Debug|Any CPU
		{4884957B-6BC1-3577-7DB1-8D1682082785}.Debug|Any CPU.Build.0 = Debug|Any CPU
		{4884957B-6BC1-3577-7DB1-8D1682082785}.Release|Any CPU.ActiveCfg = Release|Any CPU
		{4884957B-6BC1-3577-7DB1-8D1682082785}.Release|Any CPU.Build.0 = Release|Any CPU
	EndGlobalSection
	GlobalSection(SolutionProperties) = preSolution
		HideSolutionNode = FALSE
	EndGlobalSection
EndGlobal
