
Microsoft Visual Studio Solution File, Format Version 12.00
# Visual Studio 15
Project("{FAE04EC0-301F-11D3-BF4B-00C04F79EFBC}") = "Assembly-CSharp", "Assembly-CSharp.csproj", "{FC5D6E43-C286-1560-5ED2-F9D7765C71C8}"
EndProject
Project("{FAE04EC0-301F-11D3-BF4B-00C04F79EFBC}") = "Assembly-CSharp-Editor", "Assembly-CSharp-Editor.csproj", "{5C25CA38-A91D-40EB-9506-0A497058BF6B}"
EndProject
Global
	GlobalSection(SolutionConfigurationPlatforms) = preSolution
		Debug|Any CPU = Debug|Any CPU
		Release|Any CPU = Release|Any CPU
	EndGlobalSection
	GlobalSection(ProjectConfigurationPlatforms) = postSolution
		{FC5D6E43-C286-1560-5ED2-F9D7765C71C8}.Debug|Any CPU.ActiveCfg = Debug|Any CPU
		{FC5D6E43-C286-1560-5ED2-F9D7765C71C8}.Debug|Any CPU.Build.0 = Debug|Any CPU
		{FC5D6E43-C286-1560-5ED2-F9D7765C71C8}.Release|Any CPU.ActiveCfg = Release|Any CPU
		{FC5D6E43-C286-1560-5ED2-F9D7765C71C8}.Release|Any CPU.Build.0 = Release|Any CPU
		{5C25CA38-A91D-40EB-9506-0A497058BF6B}.Debug|Any CPU.ActiveCfg = Debug|Any CPU
		{5C25CA38-A91D-40EB-9506-0A497058BF6B}.Debug|Any CPU.Build.0 = Debug|Any CPU
		{5C25CA38-A91D-40EB-9506-0A497058BF6B}.Release|Any CPU.ActiveCfg = Release|Any CPU
		{5C25CA38-A91D-40EB-9506-0A497058BF6B}.Release|Any CPU.Build.0 = Release|Any CPU
	EndGlobalSection
	GlobalSection(SolutionProperties) = preSolution
		HideSolutionNode = FALSE
	EndGlobalSection
EndGlobal
